
Microsoft Visual Studio Solution File, Format Version 12.00
# Visual Studio Version 17
VisualStudioVersion = 17.1.32328.378
MinimumVisualStudioVersion = 10.0.40219.1
Project("{9A19103F-16F7-4668-BE54-9A1E7A4F7556}") = "Lastgarriz", "Lastgarriz\Lastgarriz.csproj", "{C819014E-8598-4392-BC78-77814CB6BBE1}"
EndProject
Global
	GlobalSection(SolutionConfigurationPlatforms) = preSolution
		Debug|Any CPU = Debug|Any CPU
		Release|Any CPU = Release|Any CPU
	EndGlobalSection
	GlobalSection(ProjectConfigurationPlatforms) = postSolution
		{C819014E-8598-4392-BC78-77814CB6BBE1}.Debug|Any CPU.ActiveCfg = Debug|Any CPU
		{C819014E-8598-4392-BC78-77814CB6BBE1}.Debug|Any CPU.Build.0 = Debug|Any CPU
		{C819014E-8598-4392-BC78-77814CB6BBE1}.Release|Any CPU.ActiveCfg = Release|Any CPU
		{C819014E-8598-4392-BC78-77814CB6BBE1}.Release|Any CPU.Build.0 = Release|Any CPU
	EndGlobalSection
	GlobalSection(SolutionProperties) = preSolution
		HideSolutionNode = FALSE
	EndGlobalSection
	GlobalSection(ExtensibilityGlobals) = postSolution
		SolutionGuid = {78C8B271-EEA1-4DB1-8E35-3999A7EB49D5}
	EndGlobalSection
EndGlobal
